
Microsoft Visual Studio Solution File, Format Version 12.00
# Visual Studio Version 16
VisualStudioVersion = 16.0.29806.167
MinimumVisualStudioVersion = 10.0.40219.1
Project("{FAE04EC0-301F-11D3-BF4B-00C04F79EFBC}") = "lab2", "lab2\lab2.csproj", "{582618D7-6093-4BBE-B94E-950F46BE6499}"
EndProject
Global
	GlobalSection(SolutionConfigurationPlatforms) = preSolution
		Debug|Any CPU = Debug|Any CPU
		Release|Any CPU = Release|Any CPU
	EndGlobalSection
	GlobalSection(ProjectConfigurationPlatforms) = postSolution
		{582618D7-6093-4BBE-B94E-950F46BE6499}.Debug|Any CPU.ActiveCfg = Debug|Any CPU
		{582618D7-6093-4BBE-B94E-950F46BE6499}.Debug|Any CPU.Build.0 = Debug|Any CPU
		{582618D7-6093-4BBE-B94E-950F46BE6499}.Release|Any CPU.ActiveCfg = Release|Any CPU
		{582618D7-6093-4BBE-B94E-950F46BE6499}.Release|Any CPU.Build.0 = Release|Any CPU
	EndGlobalSection
	GlobalSection(SolutionProperties) = preSolution
		HideSolutionNode = FALSE
	EndGlobalSection
	GlobalSection(ExtensibilityGlobals) = postSolution
		SolutionGuid = {0338A683-06BE-44D6-A61E-1052BE2D586C}
	EndGlobalSection
EndGlobal
